
Microsoft Visual Studio Solution File, Format Version 12.00
# Visual Studio Version 16
VisualStudioVersion = 16.0.29509.3
MinimumVisualStudioVersion = 10.0.40219.1
Project("{FAE04EC0-301F-11D3-BF4B-00C04F79EFBC}") = "CreateBarCodeStep", "CreateBarCodeStep.csproj", "{24580CA0-EB8C-4003-9E20-18713AD1735A}"
EndProject
Global
	GlobalSection(SolutionConfigurationPlatforms) = preSolution
		Debug|Any CPU = Debug|Any CPU
		Release|Any CPU = Release|Any CPU
	EndGlobalSection
	GlobalSection(ProjectConfigurationPlatforms) = postSolution
		{24580CA0-EB8C-4003-9E20-18713AD1735A}.Debug|Any CPU.ActiveCfg = Debug|Any CPU
		{24580CA0-EB8C-4003-9E20-18713AD1735A}.Debug|Any CPU.Build.0 = Debug|Any CPU
		{24580CA0-EB8C-4003-9E20-18713AD1735A}.Release|Any CPU.ActiveCfg = Release|Any CPU
		{24580CA0-EB8C-4003-9E20-18713AD1735A}.Release|Any CPU.Build.0 = Release|Any CPU
	EndGlobalSection
	GlobalSection(SolutionProperties) = preSolution
		HideSolutionNode = FALSE
	EndGlobalSection
	GlobalSection(ExtensibilityGlobals) = postSolution
		SolutionGuid = {0F8DA243-24BC-48AE-B89F-A34FBC16F1FC}
	EndGlobalSection
EndGlobal
